<?xml version="1.0" encoding="utf-8"?>
<Project ToolsVersion="4.0" xmlns="http://schemas.microsoft.com/developer/msbuild/2003">
  <ItemGroup>
    <Filter Include="原始程式檔">
      <UniqueIdentifier>{4FC737F1-C7A5-4376-A066-2A32D752A2FF}</UniqueIdentifier>
      <Extensions>cpp;c;cc;cxx;def;odl;idl;hpj;bat;asm;asmx</Extensions>
    </Filter>
    <Filter Include="標頭檔">
      <UniqueIdentifier>{93995380-89BD-4b04-88EB-625FBE52EBFB}</UniqueIdentifier>
      <Extensions>h;hh;hpp;hxx;hm;inl;inc;xsd</Extensions>
    </Filter>
    <Filter Include="資源檔">
      <UniqueIdentifier>{67DA6AB6-F800-4c08-8B7A-83BB121AAD01}</UniqueIdentifier>
      <Extensions>rc;ico;cur;bmp;dlg;rc2;rct;bin;rgs;gif;jpg;jpeg;jpe;resx;tiff;tif;png;wav;mfcribbon-ms</Extensions>
    </Filter>
  </ItemGroup>
  <ItemGroup>
    <ClCompile Include="c_file.cpp">
      <Filter>原始程式檔</Filter>
    </ClCompile>
    <ClCompile Include="c_init.cpp">
      <Filter>原始程式檔</Filter>
    </ClCompile>
    <ClCompile Include="c_none.cpp">
      <Filter>原始程式檔</Filter>
    </ClCompile>
    <ClCompile Include="c_screen.cpp">
      <Filter>原始程式檔</Filter>
    </ClCompile>
    <ClCompile Include="compress.cpp">
      <Filter>原始程式檔</Filter>
    </ClCompile>
    <ClCompile Include="compress_lzma.cpp">
      <Filter>原始程式檔</Filter>
    </ClCompile>
    <ClCompile Include="compress_ucl.cpp">
      <Filter>原始程式檔</Filter>
    </ClCompile>
    <ClCompile Include="compress_zlib.cpp">
      <Filter>原始程式檔</Filter>
    </ClCompile>
    <ClCompile Include="except.cpp">
      <Filter>原始程式檔</Filter>
    </ClCompile>
    <ClCompile Include="file.cpp">
      <Filter>原始程式檔</Filter>
    </ClCompile>
    <ClCompile Include="filter.cpp">
      <Filter>原始程式檔</Filter>
    </ClCompile>
    <ClCompile Include="filteri.cpp">
      <Filter>原始程式檔</Filter>
    </ClCompile>
    <ClCompile Include="help.cpp">
      <Filter>原始程式檔</Filter>
    </ClCompile>
    <ClCompile Include="lefile.cpp">
      <Filter>原始程式檔</Filter>
    </ClCompile>
    <ClCompile Include="linker.cpp">
      <Filter>原始程式檔</Filter>
    </ClCompile>
    <ClCompile Include="main.cpp">
      <Filter>原始程式檔</Filter>
    </ClCompile>
    <ClCompile Include="mem.cpp">
      <Filter>原始程式檔</Filter>
    </ClCompile>
    <ClCompile Include="msg.cpp">
      <Filter>原始程式檔</Filter>
    </ClCompile>
    <ClCompile Include="p_armpe.cpp">
      <Filter>原始程式檔</Filter>
    </ClCompile>
    <ClCompile Include="p_com.cpp">
      <Filter>原始程式檔</Filter>
    </ClCompile>
    <ClCompile Include="p_djgpp2.cpp">
      <Filter>原始程式檔</Filter>
    </ClCompile>
    <ClCompile Include="p_elks.cpp">
      <Filter>原始程式檔</Filter>
    </ClCompile>
    <ClCompile Include="p_exe.cpp">
      <Filter>原始程式檔</Filter>
    </ClCompile>
    <ClCompile Include="p_lx_elf.cpp">
      <Filter>原始程式檔</Filter>
    </ClCompile>
    <ClCompile Include="p_lx_exc.cpp">
      <Filter>原始程式檔</Filter>
    </ClCompile>
    <ClCompile Include="p_lx_interp.cpp">
      <Filter>原始程式檔</Filter>
    </ClCompile>
    <ClCompile Include="p_lx_sh.cpp">
      <Filter>原始程式檔</Filter>
    </ClCompile>
    <ClCompile Include="p_mach.cpp">
      <Filter>原始程式檔</Filter>
    </ClCompile>
    <ClCompile Include="p_ps1.cpp">
      <Filter>原始程式檔</Filter>
    </ClCompile>
    <ClCompile Include="p_sys.cpp">
      <Filter>原始程式檔</Filter>
    </ClCompile>
    <ClCompile Include="p_tmt.cpp">
      <Filter>原始程式檔</Filter>
    </ClCompile>
    <ClCompile Include="p_tos.cpp">
      <Filter>原始程式檔</Filter>
    </ClCompile>
    <ClCompile Include="p_unix.cpp">
      <Filter>原始程式檔</Filter>
    </ClCompile>
    <ClCompile Include="p_vmlinx.cpp">
      <Filter>原始程式檔</Filter>
    </ClCompile>
    <ClCompile Include="p_vmlinz.cpp">
      <Filter>原始程式檔</Filter>
    </ClCompile>
    <ClCompile Include="p_w16ne.cpp">
      <Filter>原始程式檔</Filter>
    </ClCompile>
    <ClCompile Include="p_w32pe.cpp">
      <Filter>原始程式檔</Filter>
    </ClCompile>
    <ClCompile Include="p_w64pep.cpp">
      <Filter>原始程式檔</Filter>
    </ClCompile>
    <ClCompile Include="p_wcle.cpp">
      <Filter>原始程式檔</Filter>
    </ClCompile>
    <ClCompile Include="packer.cpp">
      <Filter>原始程式檔</Filter>
    </ClCompile>
    <ClCompile Include="packer_c.cpp">
      <Filter>原始程式檔</Filter>
    </ClCompile>
    <ClCompile Include="packer_f.cpp">
      <Filter>原始程式檔</Filter>
    </ClCompile>
    <ClCompile Include="packhead.cpp">
      <Filter>原始程式檔</Filter>
    </ClCompile>
    <ClCompile Include="packmast.cpp">
      <Filter>原始程式檔</Filter>
    </ClCompile>
    <ClCompile Include="pefile.cpp">
      <Filter>原始程式檔</Filter>
    </ClCompile>
    <ClCompile Include="pepfile.cpp">
      <Filter>原始程式檔</Filter>
    </ClCompile>
    <ClCompile Include="s_djgpp2.cpp">
      <Filter>原始程式檔</Filter>
    </ClCompile>
    <ClCompile Include="s_object.cpp">
      <Filter>原始程式檔</Filter>
    </ClCompile>
    <ClCompile Include="s_vcsa.cpp">
      <Filter>原始程式檔</Filter>
    </ClCompile>
    <ClCompile Include="s_win32.cpp">
      <Filter>原始程式檔</Filter>
    </ClCompile>
    <ClCompile Include="snprintf.cpp">
      <Filter>原始程式檔</Filter>
    </ClCompile>
    <ClCompile Include="stdcxx.cpp">
      <Filter>原始程式檔</Filter>
    </ClCompile>
    <ClCompile Include="ui.cpp">
      <Filter>原始程式檔</Filter>
    </ClCompile>
    <ClCompile Include="util.cpp">
      <Filter>原始程式檔</Filter>
    </ClCompile>
    <ClCompile Include="work.cpp">
      <Filter>原始程式檔</Filter>
    </ClCompile>
  </ItemGroup>
  <ItemGroup>
    <ClInclude Include="bele.h">
      <Filter>標頭檔</Filter>
    </ClInclude>
    <ClInclude Include="bele_policy.h">
      <Filter>標頭檔</Filter>
    </ClInclude>
    <ClInclude Include="bptr.h">
      <Filter>標頭檔</Filter>
    </ClInclude>
    <ClInclude Include="compress.h">
      <Filter>標頭檔</Filter>
    </ClInclude>
    <ClInclude Include="conf.h">
      <Filter>標頭檔</Filter>
    </ClInclude>
    <ClInclude Include="console.h">
      <Filter>標頭檔</Filter>
    </ClInclude>
    <ClInclude Include="crc32.h">
      <Filter>標頭檔</Filter>
    </ClInclude>
    <ClInclude Include="deflate.h">
      <Filter>標頭檔</Filter>
    </ClInclude>
    <ClInclude Include="except.h">
      <Filter>標頭檔</Filter>
    </ClInclude>
    <ClInclude Include="file.h">
      <Filter>標頭檔</Filter>
    </ClInclude>
    <ClInclude Include="filter.h">
      <Filter>標頭檔</Filter>
    </ClInclude>
    <ClInclude Include="inffast.h">
      <Filter>標頭檔</Filter>
    </ClInclude>
    <ClInclude Include="inffixed.h">
      <Filter>標頭檔</Filter>
    </ClInclude>
    <ClInclude Include="inflate.h">
      <Filter>標頭檔</Filter>
    </ClInclude>
    <ClInclude Include="inftrees.h">
      <Filter>標頭檔</Filter>
    </ClInclude>
    <ClInclude Include="lefile.h">
      <Filter>標頭檔</Filter>
    </ClInclude>
    <ClInclude Include="linker.h">
      <Filter>標頭檔</Filter>
    </ClInclude>
    <ClInclude Include="mem.h">
      <Filter>標頭檔</Filter>
    </ClInclude>
    <ClInclude Include="miniacc.h">
      <Filter>標頭檔</Filter>
    </ClInclude>
    <ClInclude Include="options.h">
      <Filter>標頭檔</Filter>
    </ClInclude>
    <ClInclude Include="p_armpe.h">
      <Filter>標頭檔</Filter>
    </ClInclude>
    <ClInclude Include="p_com.h">
      <Filter>標頭檔</Filter>
    </ClInclude>
    <ClInclude Include="p_djgpp2.h">
      <Filter>標頭檔</Filter>
    </ClInclude>
    <ClInclude Include="p_elf.h">
      <Filter>標頭檔</Filter>
    </ClInclude>
    <ClInclude Include="p_elf_enum.h">
      <Filter>標頭檔</Filter>
    </ClInclude>
    <ClInclude Include="p_exe.h">
      <Filter>標頭檔</Filter>
    </ClInclude>
    <ClInclude Include="p_lx_elf.h">
      <Filter>標頭檔</Filter>
    </ClInclude>
    <ClInclude Include="p_lx_exc.h">
      <Filter>標頭檔</Filter>
    </ClInclude>
    <ClInclude Include="p_lx_interp.h">
      <Filter>標頭檔</Filter>
    </ClInclude>
    <ClInclude Include="p_lx_sh.h">
      <Filter>標頭檔</Filter>
    </ClInclude>
    <ClInclude Include="p_mach.h">
      <Filter>標頭檔</Filter>
    </ClInclude>
    <ClInclude Include="p_mach_enum.h">
      <Filter>標頭檔</Filter>
    </ClInclude>
    <ClInclude Include="p_ps1.h">
      <Filter>標頭檔</Filter>
    </ClInclude>
    <ClInclude Include="p_sys.h">
      <Filter>標頭檔</Filter>
    </ClInclude>
    <ClInclude Include="p_tmt.h">
      <Filter>標頭檔</Filter>
    </ClInclude>
    <ClInclude Include="p_tos.h">
      <Filter>標頭檔</Filter>
    </ClInclude>
    <ClInclude Include="p_unix.h">
      <Filter>標頭檔</Filter>
    </ClInclude>
    <ClInclude Include="p_vmlinx.h">
      <Filter>標頭檔</Filter>
    </ClInclude>
    <ClInclude Include="p_vmlinz.h">
      <Filter>標頭檔</Filter>
    </ClInclude>
    <ClInclude Include="p_vxd.h">
      <Filter>標頭檔</Filter>
    </ClInclude>
    <ClInclude Include="p_w16ne.h">
      <Filter>標頭檔</Filter>
    </ClInclude>
    <ClInclude Include="p_w32pe.h">
      <Filter>標頭檔</Filter>
    </ClInclude>
    <ClInclude Include="p_w64pep.h">
      <Filter>標頭檔</Filter>
    </ClInclude>
    <ClInclude Include="p_wcle.h">
      <Filter>標頭檔</Filter>
    </ClInclude>
    <ClInclude Include="packer.h">
      <Filter>標頭檔</Filter>
    </ClInclude>
    <ClInclude Include="packmast.h">
      <Filter>標頭檔</Filter>
    </ClInclude>
    <ClInclude Include="pefile.h">
      <Filter>標頭檔</Filter>
    </ClInclude>
    <ClInclude Include="pepfile.h">
      <Filter>標頭檔</Filter>
    </ClInclude>
    <ClInclude Include="screen.h">
      <Filter>標頭檔</Filter>
    </ClInclude>
    <ClInclude Include="snprintf.h">
      <Filter>標頭檔</Filter>
    </ClInclude>
    <ClInclude Include="stdcxx.h">
      <Filter>標頭檔</Filter>
    </ClInclude>
    <ClInclude Include="trees.h">
      <Filter>標頭檔</Filter>
    </ClInclude>
    <ClInclude Include="ui.h">
      <Filter>標頭檔</Filter>
    </ClInclude>
    <ClInclude Include="util.h">
      <Filter>標頭檔</Filter>
    </ClInclude>
    <ClInclude Include="version.h">
      <Filter>標頭檔</Filter>
    </ClInclude>
    <ClInclude Include="zconf.h">
      <Filter>標頭檔</Filter>
    </ClInclude>
    <ClInclude Include="zconf.in.h">
      <Filter>標頭檔</Filter>
    </ClInclude>
    <ClInclude Include="zlib.h">
      <Filter>標頭檔</Filter>
    </ClInclude>
    <ClInclude Include="zutil.h">
      <Filter>標頭檔</Filter>
    </ClInclude>
  </ItemGroup>
</Project>